// !$*UTF8*$!
{
	archiveVersion = 1;
	classes = {
	};
	objectVersion = 46;
	objects = {

/* Begin PBXBuildFile section */
		183F0A9E1D37881F00A251ED /* main.m in Sources */ = {isa = PBXBuildFile; fileRef = 183F0A9D1D37881F00A251ED /* main.m */; };
		183F0AA71D37882000A251ED /* Main.storyboard in Resources */ = {isa = PBXBuildFile; fileRef = 183F0AA51D37882000A251ED /* Main.storyboard */; };
		183F0AA91D37882000A251ED /* Assets.xcassets in Resources */ = {isa = PBXBuildFile; fileRef = 183F0AA81D37882000A251ED /* Assets.xcassets */; };
		183F0AAC1D37882000A251ED /* LaunchScreen.storyboard in Resources */ = {isa = PBXBuildFile; fileRef = 183F0AAA1D37882000A251ED /* LaunchScreen.storyboard */; };
		183F0AB71D37882000A251ED /* DHGuidePageHUDExampleTests.m in Sources */ = {isa = PBXBuildFile; fileRef = 183F0AB61D37882000A251ED /* DHGuidePageHUDExampleTests.m */; };
		183F0AC21D37882000A251ED /* DHGuidePageHUDExampleUITests.m in Sources */ = {isa = PBXBuildFile; fileRef = 183F0AC11D37882000A251ED /* DHGuidePageHUDExampleUITests.m */; };
		185B53771D379D4B006C803C /* AppDelegate.m in Sources */ = {isa = PBXBuildFile; fileRef = 185B536C1D379D4B006C803C /* AppDelegate.m */; };
		185B53781D379D4B006C803C /* guideImage1.jpg in Resources */ = {isa = PBXBuildFile; fileRef = 185B536E1D379D4B006C803C /* guideImage1.jpg */; };
		185B53791D379D4B006C803C /* guideImage2.jpg in Resources */ = {isa = PBXBuildFile; fileRef = 185B536F1D379D4B006C803C /* guideImage2.jpg */; };
		185B537A1D379D4B006C803C /* guideImage3.jpg in Resources */ = {isa = PBXBuildFile; fileRef = 185B53701D379D4B006C803C /* guideImage3.jpg */; };
		185B537B1D379D4B006C803C /* guideImage4.jpg in Resources */ = {isa = PBXBuildFile; fileRef = 185B53711D379D4B006C803C /* guideImage4.jpg */; };
		185B537C1D379D4B006C803C /* guideImage5.jpg in Resources */ = {isa = PBXBuildFile; fileRef = 185B53721D379D4B006C803C /* guideImage5.jpg */; };
		185B537D1D379D4B006C803C /* view_bg_image.png in Resources */ = {isa = PBXBuildFile; fileRef = 185B53731D379D4B006C803C /* view_bg_image.png */; };
		185B537E1D379D4B006C803C /* DHMainViewController.m in Sources */ = {isa = PBXBuildFile; fileRef = 185B53761D379D4B006C803C /* DHMainViewController.m */; };
		18D34C7B1D37899A00B3D04F /* DHGuidePageHUD.m in Sources */ = {isa = PBXBuildFile; fileRef = 18D34C791D37899A00B3D04F /* DHGuidePageHUD.m */; };
		18D34C7C1D37899A00B3D04F /* GuideImage.bundle in Resources */ = {isa = PBXBuildFile; fileRef = 18D34C7A1D37899A00B3D04F /* GuideImage.bundle */; };
		18DE22571DC0B4B0006AD511 /* guideMovie1.mov in Resources */ = {isa = PBXBuildFile; fileRef = 18DE22561DC0B4B0006AD511 /* guideMovie1.mov */; };
		18E40E9E1DAB7C3900F47E53 /* DHGifImageOperation.m in Sources */ = {isa = PBXBuildFile; fileRef = 18E40E9D1DAB7C3900F47E53 /* DHGifImageOperation.m */; };
		18E40EAC1DAB986900F47E53 /* guideImage6.gif in Resources */ = {isa = PBXBuildFile; fileRef = 18E40EA91DAB986900F47E53 /* guideImage6.gif */; };
		18E40EAD1DAB986900F47E53 /* guideImage7.gif in Resources */ = {isa = PBXBuildFile; fileRef = 18E40EAA1DAB986900F47E53 /* guideImage7.gif */; };
		18E40EAE1DAB986900F47E53 /* guideImage8.gif in Resources */ = {isa = PBXBuildFile; fileRef = 18E40EAB1DAB986900F47E53 /* guideImage8.gif */; };
/* End PBXBuildFile section */

/* Begin PBXContainerItemProxy section */
		183F0AB31D37882000A251ED /* PBXContainerItemProxy */ = {
			isa = PBXContainerItemProxy;
			containerPortal = 183F0A911D37881F00A251ED /* Project object */;
			proxyType = 1;
			remoteGlobalIDString = 183F0A981D37881F00A251ED;
			remoteInfo = DHGuidePageHUDExample;
		};
		183F0ABE1D37882000A251ED /* PBXContainerItemProxy */ = {
			isa = PBXContainerItemProxy;
			containerPortal = 183F0A911D37881F00A251ED /* Project object */;
			proxyType = 1;
			remoteGlobalIDString = 183F0A981D37881F00A251ED;
			remoteInfo = DHGuidePageHUDExample;
		};
/* End PBXContainerItemProxy section */

/* Begin PBXFileReference section */
		183F0A991D37881F00A251ED /* DHGuidePageHUDExample.app */ = {isa = PBXFileReference; explicitFileType = wrapper.application; includeInIndex = 0; path = DHGuidePageHUDExample.app; sourceTree = BUILT_PRODUCTS_DIR; };
		183F0A9D1D37881F00A251ED /* main.m */ = {isa = PBXFileReference; lastKnownFileType = sourcecode.c.objc; path = main.m; sourceTree = "<group>"; };
		183F0AA61D37882000A251ED /* Base */ = {isa = PBXFileReference; lastKnownFileType = file.storyboard; name = Base; path = Base.lproj/Main.storyboard; sourceTree = "<group>"; };
		183F0AA81D37882000A251ED /* Assets.xcassets */ = {isa = PBXFileReference; lastKnownFileType = folder.assetcatalog; path = Assets.xcassets; sourceTree = "<group>"; };
		183F0AAB1D37882000A251ED /* Base */ = {isa = PBXFileReference; lastKnownFileType = file.storyboard; name = Base; path = Base.lproj/LaunchScreen.storyboard; sourceTree = "<group>"; };
		183F0AAD1D37882000A251ED /* Info.plist */ = {isa = PBXFileReference; lastKnownFileType = text.plist.xml; path = Info.plist; sourceTree = "<group>"; };
		183F0AB21D37882000A251ED /* DHGuidePageHUDExampleTests.xctest */ = {isa = PBXFileReference; explicitFileType = wrapper.cfbundle; includeInIndex = 0; path = DHGuidePageHUDExampleTests.xctest; sourceTree = BUILT_PRODUCTS_DIR; };
		183F0AB61D37882000A251ED /* DHGuidePageHUDExampleTests.m */ = {isa = PBXFileReference; lastKnownFileType = sourcecode.c.objc; path = DHGuidePageHUDExampleTests.m; sourceTree = "<group>"; };
		183F0AB81D37882000A251ED /* Info.plist */ = {isa = PBXFileReference; lastKnownFileType = text.plist.xml; path = Info.plist; sourceTree = "<group>"; };
		183F0ABD1D37882000A251ED /* DHGuidePageHUDExampleUITests.xctest */ = {isa = PBXFileReference; explicitFileType = wrapper.cfbundle; includeInIndex = 0; path = DHGuidePageHUDExampleUITests.xctest; sourceTree = BUILT_PRODUCTS_DIR; };
		183F0AC11D37882000A251ED /* DHGuidePageHUDExampleUITests.m */ = {isa = PBXFileReference; lastKnownFileType = sourcecode.c.objc; path = DHGuidePageHUDExampleUITests.m; sourceTree = "<group>"; };
		183F0AC31D37882000A251ED /* Info.plist */ = {isa = PBXFileReference; lastKnownFileType = text.plist.xml; path = Info.plist; sourceTree = "<group>"; };
		185B536B1D379D4B006C803C /* AppDelegate.h */ = {isa = PBXFileReference; fileEncoding = 4; lastKnownFileType = sourcecode.c.h; path = AppDelegate.h; sourceTree = "<group>"; };
		185B536C1D379D4B006C803C /* AppDelegate.m */ = {isa = PBXFileReference; fileEncoding = 4; lastKnownFileType = sourcecode.c.objc; path = AppDelegate.m; sourceTree = "<group>"; };
		185B536E1D379D4B006C803C /* guideImage1.jpg */ = {isa = PBXFileReference; lastKnownFileType = image.jpeg; path = guideImage1.jpg; sourceTree = "<group>"; };
		185B536F1D379D4B006C803C /* guideImage2.jpg */ = {isa = PBXFileReference; lastKnownFileType = image.jpeg; path = guideImage2.jpg; sourceTree = "<group>"; };
		185B53701D379D4B006C803C /* guideImage3.jpg */ = {isa = PBXFileReference; lastKnownFileType = image.jpeg; path = guideImage3.jpg; sourceTree = "<group>"; };
		185B53711D379D4B006C803C /* guideImage4.jpg */ = {isa = PBXFileReference; lastKnownFileType = image.jpeg; path = guideImage4.jpg; sourceTree = "<group>"; };
		185B53721D379D4B006C803C /* guideImage5.jpg */ = {isa = PBXFileReference; lastKnownFileType = image.jpeg; path = guideImage5.jpg; sourceTree = "<group>"; };
		185B53731D379D4B006C803C /* view_bg_image.png */ = {isa = PBXFileReference; lastKnownFileType = image.png; path = view_bg_image.png; sourceTree = "<group>"; };
		185B53751D379D4B006C803C /* DHMainViewController.h */ = {isa = PBXFileReference; fileEncoding = 4; lastKnownFileType = sourcecode.c.h; path = DHMainViewController.h; sourceTree = "<group>"; };
		185B53761D379D4B006C803C /* DHMainViewController.m */ = {isa = PBXFileReference; fileEncoding = 4; lastKnownFileType = sourcecode.c.objc; path = DHMainViewController.m; sourceTree = "<group>"; };
		18D34C781D37899A00B3D04F /* DHGuidePageHUD.h */ = {isa = PBXFileReference; fileEncoding = 4; lastKnownFileType = sourcecode.c.h; path = DHGuidePageHUD.h; sourceTree = "<group>"; };
		18D34C791D37899A00B3D04F /* DHGuidePageHUD.m */ = {isa = PBXFileReference; fileEncoding = 4; lastKnownFileType = sourcecode.c.objc; path = DHGuidePageHUD.m; sourceTree = "<group>"; };
		18D34C7A1D37899A00B3D04F /* GuideImage.bundle */ = {isa = PBXFileReference; lastKnownFileType = "wrapper.plug-in"; path = GuideImage.bundle; sourceTree = "<group>"; };
		18DE22561DC0B4B0006AD511 /* guideMovie1.mov */ = {isa = PBXFileReference; lastKnownFileType = video.quicktime; path = guideMovie1.mov; sourceTree = "<group>"; };
		18E40E9C1DAB7C3900F47E53 /* DHGifImageOperation.h */ = {isa = PBXFileReference; fileEncoding = 4; lastKnownFileType = sourcecode.c.h; path = DHGifImageOperation.h; sourceTree = "<group>"; };
		18E40E9D1DAB7C3900F47E53 /* DHGifImageOperation.m */ = {isa = PBXFileReference; fileEncoding = 4; lastKnownFileType = sourcecode.c.objc; path = DHGifImageOperation.m; sourceTree = "<group>"; };
		18E40EA91DAB986900F47E53 /* guideImage6.gif */ = {isa = PBXFileReference; lastKnownFileType = image.gif; path = guideImage6.gif; sourceTree = "<group>"; };
		18E40EAA1DAB986900F47E53 /* guideImage7.gif */ = {isa = PBXFileReference; lastKnownFileType = image.gif; path = guideImage7.gif; sourceTree = "<group>"; };
		18E40EAB1DAB986900F47E53 /* guideImage8.gif */ = {isa = PBXFileReference; lastKnownFileType = image.gif; path = guideImage8.gif; sourceTree = "<group>"; };
/* End PBXFileReference section */

/* Begin PBXFrameworksBuildPhase section */
		183F0A961D37881F00A251ED /* Frameworks */ = {
			isa = PBXFrameworksBuildPhase;
			buildActionMask = 2147483647;
			files = (
			);
			runOnlyForDeploymentPostprocessing = 0;
		};
		183F0AAF1D37882000A251ED /* Frameworks */ = {
			isa = PBXFrameworksBuildPhase;
			buildActionMask = 2147483647;
			files = (
			);
			runOnlyForDeploymentPostprocessing = 0;
		};
		183F0ABA1D37882000A251ED /* Frameworks */ = {
			isa = PBXFrameworksBuildPhase;
			buildActionMask = 2147483647;
			files = (
			);
			runOnlyForDeploymentPostprocessing = 0;
		};
/* End PBXFrameworksBuildPhase section */

/* Begin PBXGroup section */
		183F0A901D37881F00A251ED = {
			isa = PBXGroup;
			children = (
				183F0A9B1D37881F00A251ED /* DHGuidePageHUDExample */,
				183F0AB51D37882000A251ED /* DHGuidePageHUDExampleTests */,
				183F0AC01D37882000A251ED /* DHGuidePageHUDExampleUITests */,
				183F0A9A1D37881F00A251ED /* Products */,
			);
			sourceTree = "<group>";
		};
		183F0A9A1D37881F00A251ED /* Products */ = {
			isa = PBXGroup;
			children = (
				183F0A991D37881F00A251ED /* DHGuidePageHUDExample.app */,
				183F0AB21D37882000A251ED /* DHGuidePageHUDExampleTests.xctest */,
				183F0ABD1D37882000A251ED /* DHGuidePageHUDExampleUITests.xctest */,
			);
			name = Products;
			sourceTree = "<group>";
		};
		183F0A9B1D37881F00A251ED /* DHGuidePageHUDExample */ = {
			isa = PBXGroup;
			children = (
				18D34C771D37899A00B3D04F /* DHGuidePageHUD */,
				185B53691D379D4B006C803C /* Classes */,
				183F0A9C1D37881F00A251ED /* Supporting Files */,
			);
			path = DHGuidePageHUDExample;
			sourceTree = "<group>";
		};
		183F0A9C1D37881F00A251ED /* Supporting Files */ = {
			isa = PBXGroup;
			children = (
				183F0AA51D37882000A251ED /* Main.storyboard */,
				183F0AA81D37882000A251ED /* Assets.xcassets */,
				183F0AAA1D37882000A251ED /* LaunchScreen.storyboard */,
				183F0AAD1D37882000A251ED /* Info.plist */,
				183F0A9D1D37881F00A251ED /* main.m */,
			);
			name = "Supporting Files";
			sourceTree = "<group>";
		};
		183F0AB51D37882000A251ED /* DHGuidePageHUDExampleTests */ = {
			isa = PBXGroup;
			children = (
				183F0AB61D37882000A251ED /* DHGuidePageHUDExampleTests.m */,
				183F0AB81D37882000A251ED /* Info.plist */,
			);
			path = DHGuidePageHUDExampleTests;
			sourceTree = "<group>";
		};
		183F0AC01D37882000A251ED /* DHGuidePageHUDExampleUITests */ = {
			isa = PBXGroup;
			children = (
				183F0AC11D37882000A251ED /* DHGuidePageHUDExampleUITests.m */,
				183F0AC31D37882000A251ED /* Info.plist */,
			);
			path = DHGuidePageHUDExampleUITests;
			sourceTree = "<group>";
		};
		185B53691D379D4B006C803C /* Classes */ = {
			isa = PBXGroup;
			children = (
				185B536A1D379D4B006C803C /* AppDelegate */,
				185B536D1D379D4B006C803C /* Images */,
				185B53741D379D4B006C803C /* ViewController */,
			);
			path = Classes;
			sourceTree = "<group>";
		};
		185B536A1D379D4B006C803C /* AppDelegate */ = {
			isa = PBXGroup;
			children = (
				185B536B1D379D4B006C803C /* AppDelegate.h */,
				185B536C1D379D4B006C803C /* AppDelegate.m */,
			);
			path = AppDelegate;
			sourceTree = "<group>";
		};
		185B536D1D379D4B006C803C /* Images */ = {
			isa = PBXGroup;
			children = (
				185B536E1D379D4B006C803C /* guideImage1.jpg */,
				185B536F1D379D4B006C803C /* guideImage2.jpg */,
				185B53701D379D4B006C803C /* guideImage3.jpg */,
				185B53711D379D4B006C803C /* guideImage4.jpg */,
				185B53721D379D4B006C803C /* guideImage5.jpg */,
				18E40EA91DAB986900F47E53 /* guideImage6.gif */,
				18E40EAA1DAB986900F47E53 /* guideImage7.gif */,
				18E40EAB1DAB986900F47E53 /* guideImage8.gif */,
				18DE22561DC0B4B0006AD511 /* guideMovie1.mov */,
				185B53731D379D4B006C803C /* view_bg_image.png */,
			);
			path = Images;
			sourceTree = "<group>";
		};
		185B53741D379D4B006C803C /* ViewController */ = {
			isa = PBXGroup;
			children = (
				185B53751D379D4B006C803C /* DHMainViewController.h */,
				185B53761D379D4B006C803C /* DHMainViewController.m */,
			);
			path = ViewController;
			sourceTree = "<group>";
		};
		18D34C771D37899A00B3D04F /* DHGuidePageHUD */ = {
			isa = PBXGroup;
			children = (
				18D34C781D37899A00B3D04F /* DHGuidePageHUD.h */,
				18D34C791D37899A00B3D04F /* DHGuidePageHUD.m */,
				18E40E9C1DAB7C3900F47E53 /* DHGifImageOperation.h */,
				18E40E9D1DAB7C3900F47E53 /* DHGifImageOperation.m */,
				18D34C7A1D37899A00B3D04F /* GuideImage.bundle */,
			);
			name = DHGuidePageHUD;
			path = ../../DHGuidePageHUD;
			sourceTree = "<group>";
		};
/* End PBXGroup section */

/* Begin PBXNativeTarget section */
		183F0A981D37881F00A251ED /* DHGuidePageHUDExample */ = {
			isa = PBXNativeTarget;
			buildConfigurationList = 183F0AC61D37882000A251ED /* Build configuration list for PBXNativeTarget "DHGuidePageHUDExample" */;
			buildPhases = (
				183F0A951D37881F00A251ED /* Sources */,
				183F0A961D37881F00A251ED /* Frameworks */,
				183F0A971D37881F00A251ED /* Resources */,
			);
			buildRules = (
			);
			dependencies = (
			);
			name = DHGuidePageHUDExample;
			productName = DHGuidePageHUDExample;
			productReference = 183F0A991D37881F00A251ED /* DHGuidePageHUDExample.app */;
			productType = "com.apple.product-type.application";
		};
		183F0AB11D37882000A251ED /* DHGuidePageHUDExampleTests */ = {
			isa = PBXNativeTarget;
			buildConfigurationList = 183F0AC91D37882000A251ED /* Build configuration list for PBXNativeTarget "DHGuidePageHUDExampleTests" */;
			buildPhases = (
				183F0AAE1D37882000A251ED /* Sources */,
				183F0AAF1D37882000A251ED /* Frameworks */,
				183F0AB01D37882000A251ED /* Resources */,
			);
			buildRules = (
			);
			dependencies = (
				183F0AB41D37882000A251ED /* PBXTargetDependency */,
			);
			name = DHGuidePageHUDExampleTests;
			productName = DHGuidePageHUDExampleTests;
			productReference = 183F0AB21D37882000A251ED /* DHGuidePageHUDExampleTests.xctest */;
			productType = "com.apple.product-type.bundle.unit-test";
		};
		183F0ABC1D37882000A251ED /* DHGuidePageHUDExampleUITests */ = {
			isa = PBXNativeTarget;
			buildConfigurationList = 183F0ACC1D37882000A251ED /* Build configuration list for PBXNativeTarget "DHGuidePageHUDExampleUITests" */;
			buildPhases = (
				183F0AB91D37882000A251ED /* Sources */,
				183F0ABA1D37882000A251ED /* Frameworks */,
				183F0ABB1D37882000A251ED /* Resources */,
			);
			buildRules = (
			);
			dependencies = (
				183F0ABF1D37882000A251ED /* PBXTargetDependency */,
			);
			name = DHGuidePageHUDExampleUITests;
			productName = DHGuidePageHUDExampleUITests;
			productReference = 183F0ABD1D37882000A251ED /* DHGuidePageHUDExampleUITests.xctest */;
			productType = "com.apple.product-type.bundle.ui-testing";
		};
/* End PBXNativeTarget section */

/* Begin PBXProject section */
		183F0A911D37881F00A251ED /* Project object */ = {
			isa = PBXProject;
			attributes = {
				CLASSPREFIX = DH;
				LastUpgradeCheck = 0720;
				ORGANIZATIONNAME = dingding3w;
				TargetAttributes = {
					183F0A981D37881F00A251ED = {
						CreatedOnToolsVersion = 7.2;
						DevelopmentTeam = 535XJUQ2UY;
					};
					183F0AB11D37882000A251ED = {
						CreatedOnToolsVersion = 7.2;
						TestTargetID = 183F0A981D37881F00A251ED;
					};
					183F0ABC1D37882000A251ED = {
						CreatedOnToolsVersion = 7.2;
						TestTargetID = 183F0A981D37881F00A251ED;
					};
				};
			};
			buildConfigurationList = 183F0A941D37881F00A251ED /* Build configuration list for PBXProject "DHGuidePageHUDExample" */;
			compatibilityVersion = "Xcode 3.2";
			developmentRegion = English;
			hasScannedForEncodings = 0;
			knownRegions = (
				en,
				Base,
			);
			mainGroup = 183F0A901D37881F00A251ED;
			productRefGroup = 183F0A9A1D37881F00A251ED /* Products */;
			projectDirPath = "";
			projectRoot = "";
			targets = (
				183F0A981D37881F00A251ED /* DHGuidePageHUDExample */,
				183F0AB11D37882000A251ED /* DHGuidePageHUDExampleTests */,
				183F0ABC1D37882000A251ED /* DHGuidePageHUDExampleUITests */,
			);
		};
/* End PBXProject section */

/* Begin PBXResourcesBuildPhase section */
		183F0A971D37881F00A251ED /* Resources */ = {
			isa = PBXResourcesBuildPhase;
			buildActionMask = 2147483647;
			files = (
				18D34C7C1D37899A00B3D04F /* GuideImage.bundle in Resources */,
				185B53781D379D4B006C803C /* guideImage1.jpg in Resources */,
				183F0AAC1D37882000A251ED /* LaunchScreen.storyboard in Resources */,
				18E40EAD1DAB986900F47E53 /* guideImage7.gif in Resources */,
				18E40EAC1DAB986900F47E53 /* guideImage6.gif in Resources */,
				185B537D1D379D4B006C803C /* view_bg_image.png in Resources */,
				185B537B1D379D4B006C803C /* guideImage4.jpg in Resources */,
				18E40EAE1DAB986900F47E53 /* guideImage8.gif in Resources */,
				185B53791D379D4B006C803C /* guideImage2.jpg in Resources */,
				183F0AA91D37882000A251ED /* Assets.xcassets in Resources */,
				185B537C1D379D4B006C803C /* guideImage5.jpg in Resources */,
				185B537A1D379D4B006C803C /* guideImage3.jpg in Resources */,
				18DE22571DC0B4B0006AD511 /* guideMovie1.mov in Resources */,
				183F0AA71D37882000A251ED /* Main.storyboard in Resources */,
			);
			runOnlyForDeploymentPostprocessing = 0;
		};
		183F0AB01D37882000A251ED /* Resources */ = {
			isa = PBXResourcesBuildPhase;
			buildActionMask = 2147483647;
			files = (
			);
			runOnlyForDeploymentPostprocessing = 0;
		};
		183F0ABB1D37882000A251ED /* Resources */ = {
			isa = PBXResourcesBuildPhase;
			buildActionMask = 2147483647;
			files = (
			);
			runOnlyForDeploymentPostprocessing = 0;
		};
/* End PBXResourcesBuildPhase section */

/* Begin PBXSourcesBuildPhase section */
		183F0A951D37881F00A251ED /* Sources */ = {
			isa = PBXSourcesBuildPhase;
			buildActionMask = 2147483647;
			files = (
				183F0A9E1D37881F00A251ED /* main.m in Sources */,
				185B537E1D379D4B006C803C /* DHMainViewController.m in Sources */,
				18D34C7B1D37899A00B3D04F /* DHGuidePageHUD.m in Sources */,
				185B53771D379D4B006C803C /* AppDelegate.m in Sources */,
				18E40E9E1DAB7C3900F47E53 /* DHGifImageOperation.m in Sources */,
			);
			runOnlyForDeploymentPostprocessing = 0;
		};
		183F0AAE1D37882000A251ED /* Sources */ = {
			isa = PBXSourcesBuildPhase;
			buildActionMask = 2147483647;
			files = (
				183F0AB71D37882000A251ED /* DHGuidePageHUDExampleTests.m in Sources */,
			);
			runOnlyForDeploymentPostprocessing = 0;
		};
		183F0AB91D37882000A251ED /* Sources */ = {
			isa = PBXSourcesBuildPhase;
			buildActionMask = 2147483647;
			files = (
				183F0AC21D37882000A251ED /* DHGuidePageHUDExampleUITests.m in Sources */,
			);
			runOnlyForDeploymentPostprocessing = 0;
		};
/* End PBXSourcesBuildPhase section */

/* Begin PBXTargetDependency section */
		183F0AB41D37882000A251ED /* PBXTargetDependency */ = {
			isa = PBXTargetDependency;
			target = 183F0A981D37881F00A251ED /* DHGuidePageHUDExample */;
			targetProxy = 183F0AB31D37882000A251ED /* PBXContainerItemProxy */;
		};
		183F0ABF1D37882000A251ED /* PBXTargetDependency */ = {
			isa = PBXTargetDependency;
			target = 183F0A981D37881F00A251ED /* DHGuidePageHUDExample */;
			targetProxy = 183F0ABE1D37882000A251ED /* PBXContainerItemProxy */;
		};
/* End PBXTargetDependency section */

/* Begin PBXVariantGroup section */
		183F0AA51D37882000A251ED /* Main.storyboard */ = {
			isa = PBXVariantGroup;
			children = (
				183F0AA61D37882000A251ED /* Base */,
			);
			name = Main.storyboard;
			sourceTree = "<group>";
		};
		183F0AAA1D37882000A251ED /* LaunchScreen.storyboard */ = {
			isa = PBXVariantGroup;
			children = (
				183F0AAB1D37882000A251ED /* Base */,
			);
			name = LaunchScreen.storyboard;
			sourceTree = "<group>";
		};
/* End PBXVariantGroup section */

/* Begin XCBuildConfiguration section */
		183F0AC41D37882000A251ED /* Debug */ = {
			isa = XCBuildConfiguration;
			buildSettings = {
				ALWAYS_SEARCH_USER_PATHS = NO;
				CLANG_CXX_LANGUAGE_STANDARD = "gnu++0x";
				CLANG_CXX_LIBRARY = "libc++";
				CLANG_ENABLE_MODULES = YES;
				CLANG_ENABLE_OBJC_ARC = YES;
				CLANG_WARN_BOOL_CONVERSION = YES;
				CLANG_WARN_CONSTANT_CONVERSION = YES;
				CLANG_WARN_DIRECT_OBJC_ISA_USAGE = YES_ERROR;
				CLANG_WARN_EMPTY_BODY = YES;
				CLANG_WARN_ENUM_CONVERSION = YES;
				CLANG_WARN_INT_CONVERSION = YES;
				CLANG_WARN_OBJC_ROOT_CLASS = YES_ERROR;
				CLANG_WARN_UNREACHABLE_CODE = YES;
				CLANG_WARN__DUPLICATE_METHOD_MATCH = YES;
				"CODE_SIGN_IDENTITY[sdk=iphoneos*]" = "iPhone Developer";
				COPY_PHASE_STRIP = NO;
				DEBUG_INFORMATION_FORMAT = dwarf;
				ENABLE_STRICT_OBJC_MSGSEND = YES;
				ENABLE_TESTABILITY = YES;
				GCC_C_LANGUAGE_STANDARD = gnu99;
				GCC_DYNAMIC_NO_PIC = NO;
				GCC_NO_COMMON_BLOCKS = YES;
				GCC_OPTIMIZATION_LEVEL = 0;
				GCC_PREPROCESSOR_DEFINITIONS = (
					"DEBUG=1",
					"$(inherited)",
				);
				GCC_WARN_64_TO_32_BIT_CONVERSION = YES;
				GCC_WARN_ABOUT_RETURN_TYPE = YES_ERROR;
				GCC_WARN_UNDECLARED_SELECTOR = YES;
				GCC_WARN_UNINITIALIZED_AUTOS = YES_AGGRESSIVE;
				GCC_WARN_UNUSED_FUNCTION = YES;
				GCC_WARN_UNUSED_VARIABLE = YES;
				IPHONEOS_DEPLOYMENT_TARGET = 9.2;
				MTL_ENABLE_DEBUG_INFO = YES;
				ONLY_ACTIVE_ARCH = YES;
				SDKROOT = iphoneos;
			};
			name = Debug;
		};
		183F0AC51D37882000A251ED /* Release */ = {
			isa = XCBuildConfiguration;
			buildSettings = {
				ALWAYS_SEARCH_USER_PATHS = NO;
				CLANG_CXX_LANGUAGE_STANDARD = "gnu++0x";
				CLANG_CXX_LIBRARY = "libc++";
				CLANG_ENABLE_MODULES = YES;
				CLANG_ENABLE_OBJC_ARC = YES;
				CLANG_WARN_BOOL_CONVERSION = YES;
				CLANG_WARN_CONSTANT_CONVERSION = YES;
				CLANG_WARN_DIRECT_OBJC_ISA_USAGE = YES_ERROR;
				CLANG_WARN_EMPTY_BODY = YES;
				CLANG_WARN_ENUM_CONVERSION = YES;
				CLANG_WARN_INT_CONVERSION = YES;
				CLANG_WARN_OBJC_ROOT_CLASS = YES_ERROR;
				CLANG_WARN_UNREACHABLE_CODE = YES;
				CLANG_WARN__DUPLICATE_METHOD_MATCH = YES;
				"CODE_SIGN_IDENTITY[sdk=iphoneos*]" = "iPhone Developer";
				COPY_PHASE_STRIP = NO;
				DEBUG_INFORMATION_FORMAT = "dwarf-with-dsym";
				ENABLE_NS_ASSERTIONS = NO;
				ENABLE_STRICT_OBJC_MSGSEND = YES;
				GCC_C_LANGUAGE_STANDARD = gnu99;
				GCC_NO_COMMON_BLOCKS = YES;
				GCC_WARN_64_TO_32_BIT_CONVERSION = YES;
				GCC_WARN_ABOUT_RETURN_TYPE = YES_ERROR;
				GCC_WARN_UNDECLARED_SELECTOR = YES;
				GCC_WARN_UNINITIALIZED_AUTOS = YES_AGGRESSIVE;
				GCC_WARN_UNUSED_FUNCTION = YES;
				GCC_WARN_UNUSED_VARIABLE = YES;
				IPHONEOS_DEPLOYMENT_TARGET = 9.2;
				MTL_ENABLE_DEBUG_INFO = NO;
				SDKROOT = iphoneos;
				VALIDATE_PRODUCT = YES;
			};
			name = Release;
		};
		183F0AC71D37882000A251ED /* Debug */ = {
			isa = XCBuildConfiguration;
			buildSettings = {
				ASSETCATALOG_COMPILER_APPICON_NAME = AppIcon;
				CODE_SIGN_IDENTITY = "iPhone Developer";
				INFOPLIST_FILE = DHGuidePageHUDExample/Info.plist;
				IPHONEOS_DEPLOYMENT_TARGET = 8.0;
				LD_RUNPATH_SEARCH_PATHS = "$(inherited) @executable_path/Frameworks";
				PRODUCT_BUNDLE_IDENTIFIER = dingding3w.DHGuidePageHUD;
				PRODUCT_NAME = "$(TARGET_NAME)";
			};
			name = Debug;
		};
		183F0AC81D37882000A251ED /* Release */ = {
			isa = XCBuildConfiguration;
			buildSettings = {
				ASSETCATALOG_COMPILER_APPICON_NAME = AppIcon;
				CODE_SIGN_IDENTITY = "iPhone Developer";
				INFOPLIST_FILE = DHGuidePageHUDExample/Info.plist;
				IPHONEOS_DEPLOYMENT_TARGET = 8.0;
				LD_RUNPATH_SEARCH_PATHS = "$(inherited) @executable_path/Frameworks";
				PRODUCT_BUNDLE_IDENTIFIER = dingding3w.DHGuidePageHUD;
				PRODUCT_NAME = "$(TARGET_NAME)";
			};
			name = Release;
		};
		183F0ACA1D37882000A251ED /* Debug */ = {
			isa = XCBuildConfiguration;
			buildSettings = {
				BUNDLE_LOADER = "$(TEST_HOST)";
				INFOPLIST_FILE = DHGuidePageHUDExampleTests/Info.plist;
				LD_RUNPATH_SEARCH_PATHS = "$(inherited) @executable_path/Frameworks @loader_path/Frameworks";
				PRODUCT_BUNDLE_IDENTIFIER = dingding3w.DHGuidePageHUDExampleTests;
				PRODUCT_NAME = "$(TARGET_NAME)";
				TEST_HOST = "$(BUILT_PRODUCTS_DIR)/DHGuidePageHUDExample.app/DHGuidePageHUDExample";
			};
			name = Debug;
		};
		183F0ACB1D37882000A251ED /* Release */ = {
			isa = XCBuildConfiguration;
			buildSettings = {
				BUNDLE_LOADER = "$(TEST_HOST)";
				INFOPLIST_FILE = DHGuidePageHUDExampleTests/Info.plist;
				LD_RUNPATH_SEARCH_PATHS = "$(inherited) @executable_path/Frameworks @loader_path/Frameworks";
				PRODUCT_BUNDLE_IDENTIFIER = dingding3w.DHGuidePageHUDExampleTests;
				PRODUCT_NAME = "$(TARGET_NAME)";
				TEST_HOST = "$(BUILT_PRODUCTS_DIR)/DHGuidePageHUDExample.app/DHGuidePageHUDExample";
			};
			name = Release;
		};
		183F0ACD1D37882000A251ED /* Debug */ = {
			isa = XCBuildConfiguration;
			buildSettings = {
				INFOPLIST_FILE = DHGuidePageHUDExampleUITests/Info.plist;
				LD_RUNPATH_SEARCH_PATHS = "$(inherited) @executable_path/Frameworks @loader_path/Frameworks";
				PRODUCT_BUNDLE_IDENTIFIER = dingding3w.DHGuidePageHUDExampleUITests;
				PRODUCT_NAME = "$(TARGET_NAME)";
				TEST_TARGET_NAME = DHGuidePageHUDExample;
				USES_XCTRUNNER = YES;
			};
			name = Debug;
		};
		183F0ACE1D37882000A251ED /* Release */ = {
			isa = XCBuildConfiguration;
			buildSettings = {
				INFOPLIST_FILE = DHGuidePageHUDExampleUITests/Info.plist;
				LD_RUNPATH_SEARCH_PATHS = "$(inherited) @executable_path/Frameworks @loader_path/Frameworks";
				PRODUCT_BUNDLE_IDENTIFIER = dingding3w.DHGuidePageHUDExampleUITests;
				PRODUCT_NAME = "$(TARGET_NAME)";
				TEST_TARGET_NAME = DHGuidePageHUDExample;
				USES_XCTRUNNER = YES;
			};
			name = Release;
		};
/* End XCBuildConfiguration section */

/* Begin XCConfigurationList section */
		183F0A941D37881F00A251ED /* Build configuration list for PBXProject "DHGuidePageHUDExample" */ = {
			isa = XCConfigurationList;
			buildConfigurations = (
				183F0AC41D37882000A251ED /* Debug */,
				183F0AC51D37882000A251ED /* Release */,
			);
			defaultConfigurationIsVisible = 0;
			defaultConfigurationName = Release;
		};
		183F0AC61D37882000A251ED /* Build configuration list for PBXNativeTarget "DHGuidePageHUDExample" */ = {
			isa = XCConfigurationList;
			buildConfigurations = (
				183F0AC71D37882000A251ED /* Debug */,
				183F0AC81D37882000A251ED /* Release */,
			);
			defaultConfigurationIsVisible = 0;
			defaultConfigurationName = Release;
		};
		183F0AC91D37882000A251ED /* Build configuration list for PBXNativeTarget "DHGuidePageHUDExampleTests" */ = {
			isa = XCConfigurationList;
			buildConfigurations = (
				183F0ACA1D37882000A251ED /* Debug */,
				183F0ACB1D37882000A251ED /* Release */,
			);
			defaultConfigurationIsVisible = 0;
			defaultConfigurationName = Release;
		};
		183F0ACC1D37882000A251ED /* Build configuration list for PBXNativeTarget "DHGuidePageHUDExampleUITests" */ = {
			isa = XCConfigurationList;
			buildConfigurations = (
				183F0ACD1D37882000A251ED /* Debug */,
				183F0ACE1D37882000A251ED /* Release */,
			);
			defaultConfigurationIsVisible = 0;
			defaultConfigurationName = Release;
		};
/* End XCConfigurationList section */
	};
	rootObject = 183F0A911D37881F00A251ED /* Project object */;
}
